
Microsoft Visual Studio Solution File, Format Version 12.00
# Visual Studio Version 17
VisualStudioVersion = 17.5.33424.131
MinimumVisualStudioVersion = 10.0.40219.1
Project("{8BC9CEB8-8B4A-11D0-8D11-00A0C91BC942}") = "23.04.10", "23.04.10\23.04.10.vcxproj", "{DBC3B5E3-4CE4-4829-B59D-7F744D984C96}"
EndProject
Global
	GlobalSection(SolutionConfigurationPlatforms) = preSolution
		Debug|x64 = Debug|x64
		Debug|x86 = Debug|x86
		Release|x64 = Release|x64
		Release|x86 = Release|x86
	EndGlobalSection
	GlobalSection(ProjectConfigurationPlatforms) = postSolution
		{DBC3B5E3-4CE4-4829-B59D-7F744D984C96}.Debug|x64.ActiveCfg = Debug|x64
		{DBC3B5E3-4CE4-4829-B59D-7F744D984C96}.Debug|x64.Build.0 = Debug|x64
		{DBC3B5E3-4CE4-4829-B59D-7F744D984C96}.Debug|x86.ActiveCfg = Debug|Win32
		{DBC3B5E3-4CE4-4829-B59D-7F744D984C96}.Debug|x86.Build.0 = Debug|Win32
		{DBC3B5E3-4CE4-4829-B59D-7F744D984C96}.Release|x64.ActiveCfg = Release|x64
		{DBC3B5E3-4CE4-4829-B59D-7F744D984C96}.Release|x64.Build.0 = Release|x64
		{DBC3B5E3-4CE4-4829-B59D-7F744D984C96}.Release|x86.ActiveCfg = Release|Win32
		{DBC3B5E3-4CE4-4829-B59D-7F744D984C96}.Release|x86.Build.0 = Release|Win32
	EndGlobalSection
	GlobalSection(SolutionProperties) = preSolution
		HideSolutionNode = FALSE
	EndGlobalSection
	GlobalSection(ExtensibilityGlobals) = postSolution
		SolutionGuid = {9E909C2C-6551-454C-A842-5322028AFBF1}
	EndGlobalSection
EndGlobal
